<?xml version="1.0" encoding="utf-8"?>
<Project ToolsVersion="15.0" xmlns="http://schemas.microsoft.com/developer/msbuild/2003">
  <ItemGroup>
    <Filter Include="Common">
      <UniqueIdentifier>ff842bfd-c1ea-4b91-899f-28ea65a09af1</UniqueIdentifier>
    </Filter>
    <Filter Include="Assets">
      <UniqueIdentifier>98108d59-bdf1-4a63-a903-e6fa09886602</UniqueIdentifier>
      <Extensions>bmp;fbx;gif;jpg;jpeg;tga;tiff;tif;png</Extensions>
    </Filter>
    <Filter Include="Train">
      <UniqueIdentifier>{624aa934-bc51-482c-9a98-a63f484e7e54}</UniqueIdentifier>
    </Filter>
  </ItemGroup>
  <ItemGroup>
    <ApplicationDefinition Include="App.xaml" />
  </ItemGroup>
  <ItemGroup>
    <ClCompile Include="App.xaml.cpp" />
    <ClCompile Include="MainPage.xaml.cpp" />
    <ClCompile Include="pch.cpp" />
    <ClCompile Include="MyBody.cpp">
      <Filter>Train</Filter>
    </ClCompile>
    <ClCompile Include="MyCar.cpp">
      <Filter>Train</Filter>
    </ClCompile>
    <ClCompile Include="MyDoor.cpp">
      <Filter>Train</Filter>
    </ClCompile>
    <ClCompile Include="MyEngine.cpp">
      <Filter>Train</Filter>
    </ClCompile>
    <ClCompile Include="MyLine.cpp">
      <Filter>Train</Filter>
    </ClCompile>
    <ClCompile Include="MyLoc.cpp">
      <Filter>Train</Filter>
    </ClCompile>
    <ClCompile Include="MyPipe.cpp">
      <Filter>Train</Filter>
    </ClCompile>
    <ClCompile Include="MyRect.cpp">
      <Filter>Train</Filter>
    </ClCompile>
    <ClCompile Include="MyTrain.cpp">
      <Filter>Train</Filter>
    </ClCompile>
    <ClCompile Include="MyWheel.cpp">
      <Filter>Train</Filter>
    </ClCompile>
    <ClCompile Include="MyWindow.cpp">
      <Filter>Train</Filter>
    </ClCompile>
  </ItemGroup>
  <ItemGroup>
    <ClInclude Include="pch.h" />
    <ClInclude Include="App.xaml.h" />
    <ClInclude Include="MainPage.xaml.h" />
    <ClInclude Include="MyBody.h">
      <Filter>Train</Filter>
    </ClInclude>
    <ClInclude Include="MyCar.h">
      <Filter>Train</Filter>
    </ClInclude>
    <ClInclude Include="MyDoor.h">
      <Filter>Train</Filter>
    </ClInclude>
    <ClInclude Include="MyEngine.h">
      <Filter>Train</Filter>
    </ClInclude>
    <ClInclude Include="MyLine.h">
      <Filter>Train</Filter>
    </ClInclude>
    <ClInclude Include="MyLoc.h">
      <Filter>Train</Filter>
    </ClInclude>
    <ClInclude Include="MyPipe.h">
      <Filter>Train</Filter>
    </ClInclude>
    <ClInclude Include="MyRect.h">
      <Filter>Train</Filter>
    </ClInclude>
    <ClInclude Include="MyTrain.h">
      <Filter>Train</Filter>
    </ClInclude>
    <ClInclude Include="MyWheel.h">
      <Filter>Train</Filter>
    </ClInclude>
    <ClInclude Include="MyWindow.h">
      <Filter>Train</Filter>
    </ClInclude>
  </ItemGroup>
  <ItemGroup>
    <Image Include="Assets\LockScreenLogo.scale-200.png">
      <Filter>Assets</Filter>
    </Image>
    <Image Include="Assets\SplashScreen.scale-200.png">
      <Filter>Assets</Filter>
    </Image>
    <Image Include="Assets\Square150x150Logo.scale-200.png">
      <Filter>Assets</Filter>
    </Image>
    <Image Include="Assets\Square44x44Logo.scale-200.png">
      <Filter>Assets</Filter>
    </Image>
    <Image Include="Assets\Square44x44Logo.targetsize-24_altform-unplated.png">
      <Filter>Assets</Filter>
    </Image>
    <Image Include="Assets\StoreLogo.png">
      <Filter>Assets</Filter>
    </Image>
    <Image Include="Assets\Wide310x150Logo.scale-200.png">
      <Filter>Assets</Filter>
    </Image>
  </ItemGroup>
  <ItemGroup>
    <AppxManifest Include="Package.appxmanifest" />
  </ItemGroup>
  <ItemGroup>
    <None Include="Trainy_TemporaryKey.pfx" />
  </ItemGroup>
  <ItemGroup>
    <Page Include="MainPage.xaml" />
  </ItemGroup>
</Project>